PODS:
  - NTJsonModel (1.00)
  - NTJsonModelStore (0.50):
    - NTJsonModel (~> 1.00)
    - NTJsonStore (~> 1.00)
  - NTJsonStore (1.00)

DEPENDENCIES:
  - NTJsonModelStore (from `../../`)

EXTERNAL SOURCES:
  NTJsonModelStore:
    :path: ../../

SPEC CHECKSUMS:
  NTJsonModel: 12acd96dccf8d5247e12cbfa6ff02e3e5bd32555
  NTJsonModelStore: 8fb55c7950c430d42a5e7df81778dd0013230b58
  NTJsonStore: 4c9fbdb4348042546018009923f3dda47e78540a

COCOAPODS: 0.36.0
