PODS:
  - NTJsonModel (0.50)
  - NTJsonStore (0.20)

DEPENDENCIES:
  - NTJsonModel (from `https://github.com/NagelTech/NTJsonModel.git`, branch `develop`)
  - NTJsonStore (from `https://github.com/NagelTech/NTJsonStore.git`, branch `develop`)

EXTERNAL SOURCES:
  NTJsonModel:
    :branch: develop
    :git: https://github.com/NagelTech/NTJsonModel.git
  NTJsonStore:
    :branch: develop
    :git: https://github.com/NagelTech/NTJsonStore.git

CHECKOUT OPTIONS:
  NTJsonModel:
    :commit: 4c5c31974012c12511b69f6d004f1d97f1551033
    :git: https://github.com/NagelTech/NTJsonModel.git
  NTJsonStore:
    :commit: f6f3db70b30dea7e35a278c90070e2e1f45237cf
    :git: https://github.com/NagelTech/NTJsonStore.git

SPEC CHECKSUMS:
  NTJsonModel: 031276b518db023ad09c314a45b2389835d77e21
  NTJsonStore: 7c79ecc2f02b17d9e3ffa68235640029923edc59

COCOAPODS: 0.35.0
